
Microsoft Visual Studio Solution File, Format Version 12.00
# Visual Studio 2015
Project("{FAE04EC0-301F-11D3-BF4B-00C04F79EFBC}") = "Tanks tutorial.Plugins", "Tanks tutorial.Plugins.csproj", "{73D40380-4A28-6F9A-763E-D64EDC21DEF4}"
EndProject
Project("{FAE04EC0-301F-11D3-BF4B-00C04F79EFBC}") = "Tanks tutorial", "Tanks tutorial.csproj", "{8AE5BE55-9CB6-CB45-F9C5-53A8FEAEA560}"
EndProject
Project("{FAE04EC0-301F-11D3-BF4B-00C04F79EFBC}") = "Tanks tutorial.Editor.Plugins", "Tanks tutorial.Editor.Plugins.csproj", "{04F451B1-8713-C992-5634-5B763CC207BE}"
EndProject
Project("{FAE04EC0-301F-11D3-BF4B-00C04F79EFBC}") = "Tanks tutorial.Editor", "Tanks tutorial.Editor.csproj", "{38BFD4A8-84D0-6E2D-DC05-2715EC1121D3}"
EndProject
Global
	GlobalSection(SolutionConfigurationPlatforms) = preSolution
		Debug|Any CPU = Debug|Any CPU
		Release|Any CPU = Release|Any CPU
	EndGlobalSection
	GlobalSection(ProjectConfigurationPlatforms) = postSolution
		{73D40380-4A28-6F9A-763E-D64EDC21DEF4}.Debug|Any CPU.ActiveCfg = Debug|Any CPU
		{73D40380-4A28-6F9A-763E-D64EDC21DEF4}.Debug|Any CPU.Build.0 = Debug|Any CPU
		{73D40380-4A28-6F9A-763E-D64EDC21DEF4}.Release|Any CPU.ActiveCfg = Release|Any CPU
		{73D40380-4A28-6F9A-763E-D64EDC21DEF4}.Release|Any CPU.Build.0 = Release|Any CPU
		{8AE5BE55-9CB6-CB45-F9C5-53A8FEAEA560}.Debug|Any CPU.ActiveCfg = Debug|Any CPU
		{8AE5BE55-9CB6-CB45-F9C5-53A8FEAEA560}.Debug|Any CPU.Build.0 = Debug|Any CPU
		{8AE5BE55-9CB6-CB45-F9C5-53A8FEAEA560}.Release|Any CPU.ActiveCfg = Release|Any CPU
		{8AE5BE55-9CB6-CB45-F9C5-53A8FEAEA560}.Release|Any CPU.Build.0 = Release|Any CPU
		{04F451B1-8713-C992-5634-5B763CC207BE}.Debug|Any CPU.ActiveCfg = Debug|Any CPU
		{04F451B1-8713-C992-5634-5B763CC207BE}.Debug|Any CPU.Build.0 = Debug|Any CPU
		{04F451B1-8713-C992-5634-5B763CC207BE}.Release|Any CPU.ActiveCfg = Release|Any CPU
		{04F451B1-8713-C992-5634-5B763CC207BE}.Release|Any CPU.Build.0 = Release|Any CPU
		{38BFD4A8-84D0-6E2D-DC05-2715EC1121D3}.Debug|Any CPU.ActiveCfg = Debug|Any CPU
		{38BFD4A8-84D0-6E2D-DC05-2715EC1121D3}.Debug|Any CPU.Build.0 = Debug|Any CPU
		{38BFD4A8-84D0-6E2D-DC05-2715EC1121D3}.Release|Any CPU.ActiveCfg = Release|Any CPU
		{38BFD4A8-84D0-6E2D-DC05-2715EC1121D3}.Release|Any CPU.Build.0 = Release|Any CPU
	EndGlobalSection
	GlobalSection(SolutionProperties) = preSolution
		HideSolutionNode = FALSE
	EndGlobalSection
EndGlobal
